
Microsoft Visual Studio Solution File, Format Version 12.00
# Visual Studio Version 16
VisualStudioVersion = 16.0.30309.148
MinimumVisualStudioVersion = 10.0.40219.1
Project("{FAE04EC0-301F-11D3-BF4B-00C04F79EFBC}") = "Dominio", "Dominio\Dominio.csproj", "{8522825C-D44F-47B9-A495-CEECF65DB79E}"
EndProject
Project("{FAE04EC0-301F-11D3-BF4B-00C04F79EFBC}") = "Negocio", "Negocio\Negocio.csproj", "{65EAA695-903E-4070-88CB-9E72AFA0621D}"
EndProject
Project("{FAE04EC0-301F-11D3-BF4B-00C04F79EFBC}") = "Web", "Web\Web.csproj", "{8D5F50E5-1A9C-4AD0-B2F8-A60A3D5F6591}"
EndProject
Project("{2150E333-8FDC-42A3-9474-1A3956D46DE8}") = "Imagen", "Imagen", "{86BE7BEF-5884-4A8D-8828-F2B23B10F5BD}"
	ProjectSection(SolutionItems) = preProject
		.editorconfig = .editorconfig
		Imagen\P10.jpg = Imagen\P10.jpg
		Imagen\P12.jpg = Imagen\P12.jpg
		Imagen\P12.png = Imagen\P12.png
		Imagen\P8.jpg = Imagen\P8.jpg
		Imagen\T1.jpg = Imagen\T1.jpg
		Imagen\T11.jpg = Imagen\T11.jpg
		Imagen\T2.jpg = Imagen\T2.jpg
		Imagen\T4.jpg = Imagen\T4.jpg
		Imagen\T5.jpg = Imagen\T5.jpg
		Imagen\T6.jpg = Imagen\T6.jpg
	EndProjectSection
EndProject
Global
	GlobalSection(SolutionConfigurationPlatforms) = preSolution
		Debug|Any CPU = Debug|Any CPU
		Release|Any CPU = Release|Any CPU
	EndGlobalSection
	GlobalSection(ProjectConfigurationPlatforms) = postSolution
		{8522825C-D44F-47B9-A495-CEECF65DB79E}.Debug|Any CPU.ActiveCfg = Debug|Any CPU
		{8522825C-D44F-47B9-A495-CEECF65DB79E}.Debug|Any CPU.Build.0 = Debug|Any CPU
		{8522825C-D44F-47B9-A495-CEECF65DB79E}.Release|Any CPU.ActiveCfg = Release|Any CPU
		{8522825C-D44F-47B9-A495-CEECF65DB79E}.Release|Any CPU.Build.0 = Release|Any CPU
		{65EAA695-903E-4070-88CB-9E72AFA0621D}.Debug|Any CPU.ActiveCfg = Debug|Any CPU
		{65EAA695-903E-4070-88CB-9E72AFA0621D}.Debug|Any CPU.Build.0 = Debug|Any CPU
		{65EAA695-903E-4070-88CB-9E72AFA0621D}.Release|Any CPU.ActiveCfg = Release|Any CPU
		{65EAA695-903E-4070-88CB-9E72AFA0621D}.Release|Any CPU.Build.0 = Release|Any CPU
		{8D5F50E5-1A9C-4AD0-B2F8-A60A3D5F6591}.Debug|Any CPU.ActiveCfg = Debug|Any CPU
		{8D5F50E5-1A9C-4AD0-B2F8-A60A3D5F6591}.Debug|Any CPU.Build.0 = Debug|Any CPU
		{8D5F50E5-1A9C-4AD0-B2F8-A60A3D5F6591}.Release|Any CPU.ActiveCfg = Release|Any CPU
		{8D5F50E5-1A9C-4AD0-B2F8-A60A3D5F6591}.Release|Any CPU.Build.0 = Release|Any CPU
	EndGlobalSection
	GlobalSection(SolutionProperties) = preSolution
		HideSolutionNode = FALSE
	EndGlobalSection
	GlobalSection(ExtensibilityGlobals) = postSolution
		SolutionGuid = {2739A77C-8DEA-4CC8-BDAF-859A3C71C243}
	EndGlobalSection
EndGlobal
